// !$*UTF8*$!
{
	archiveVersion = 1;
	classes = {
	};
	objectVersion = 56;
	objects = {

/* Begin PBXBuildFile section */
		511F0CDB2BDB2DEF00EC2AD7 /* TestView.swift in Sources */ = {isa = PBXBuildFile; fileRef = 511F0CDA2BDB2DEF00EC2AD7 /* TestView.swift */; };
		511F3F202D15B32F000B5E32 /* DioryMainView.swift in Sources */ = {isa = PBXBuildFile; fileRef = 511F3F1F2D15B32F000B5E32 /* DioryMainView.swift */; };
		511F3F222D15B34C000B5E32 /* TabIndex.swift in Sources */ = {isa = PBXBuildFile; fileRef = 511F3F212D15B34C000B5E32 /* TabIndex.swift */; };
		514949DA2BCBD2A50052E30D /* DioryApp.swift in Sources */ = {isa = PBXBuildFile; fileRef = 514949D92BCBD2A50052E30D /* DioryApp.swift */; };
		514949DE2BCBD2A70052E30D /* Assets.xcassets in Resources */ = {isa = PBXBuildFile; fileRef = 514949DD2BCBD2A70052E30D /* Assets.xcassets */; };
		514949E12BCBD2A70052E30D /* Preview Assets.xcassets in Resources */ = {isa = PBXBuildFile; fileRef = 514949E02BCBD2A70052E30D /* Preview Assets.xcassets */; };
		514949E82BCBD32D0052E30D /* .gitignore in Resources */ = {isa = PBXBuildFile; fileRef = 514949E72BCBD32D0052E30D /* .gitignore */; };
		514949EB2BCBD6BB0052E30D /* .swiftlint.yml in Resources */ = {isa = PBXBuildFile; fileRef = 514949EA2BCBD6BB0052E30D /* .swiftlint.yml */; };
		51AC10332BCE581800FFFE4E /* DailyScheduleView.swift in Sources */ = {isa = PBXBuildFile; fileRef = 51AC10322BCE581800FFFE4E /* DailyScheduleView.swift */; };
		51AC10372BCE586A00FFFE4E /* ColorExtension.swift in Sources */ = {isa = PBXBuildFile; fileRef = 51AC10362BCE586A00FFFE4E /* ColorExtension.swift */; };
		51AC10392BCE589200FFFE4E /* StringToDate.swift in Sources */ = {isa = PBXBuildFile; fileRef = 51AC10382BCE589200FFFE4E /* StringToDate.swift */; };
		51AC103B2BCE58F900FFFE4E /* DailyScheduleRow.swift in Sources */ = {isa = PBXBuildFile; fileRef = 51AC103A2BCE58F900FFFE4E /* DailyScheduleRow.swift */; };
		51AC103D2BCE5C2300FFFE4E /* AddScheduleView.swift in Sources */ = {isa = PBXBuildFile; fileRef = 51AC103C2BCE5C2300FFFE4E /* AddScheduleView.swift */; };
		51AC103F2BCFB21100FFFE4E /* WeeklyRow.swift in Sources */ = {isa = PBXBuildFile; fileRef = 51AC103E2BCFB21100FFFE4E /* WeeklyRow.swift */; };
		51C17DA02BD0FCB400690267 /* DioryTabView.swift in Sources */ = {isa = PBXBuildFile; fileRef = 51C17D9F2BD0FCB400690267 /* DioryTabView.swift */; };
		51D55CEF2BCBECA40099C96F /* WeeklyView.swift in Sources */ = {isa = PBXBuildFile; fileRef = 51D55CEE2BCBECA40099C96F /* WeeklyView.swift */; };
		51D55CF12BCBF1A10099C96F /* DailyView.swift in Sources */ = {isa = PBXBuildFile; fileRef = 51D55CF02BCBF1A10099C96F /* DailyView.swift */; };
		51D55CF72BCD49DA0099C96F /* DailyTask.swift in Sources */ = {isa = PBXBuildFile; fileRef = 51D55CF62BCD49DA0099C96F /* DailyTask.swift */; };
		51E371652BCD6E1600BBB723 /* DailyTodoView.swift in Sources */ = {isa = PBXBuildFile; fileRef = 51E371642BCD6E1600BBB723 /* DailyTodoView.swift */; };
		51E371672BCD731E00BBB723 /* AddTodoView.swift in Sources */ = {isa = PBXBuildFile; fileRef = 51E371662BCD731E00BBB723 /* AddTodoView.swift */; };
/* End PBXBuildFile section */

/* Begin PBXFileReference section */
		511F0CDA2BDB2DEF00EC2AD7 /* TestView.swift */ = {isa = PBXFileReference; lastKnownFileType = sourcecode.swift; path = TestView.swift; sourceTree = "<group>"; };
		511F3F1F2D15B32F000B5E32 /* DioryMainView.swift */ = {isa = PBXFileReference; lastKnownFileType = sourcecode.swift; path = DioryMainView.swift; sourceTree = "<group>"; };
		511F3F212D15B34C000B5E32 /* TabIndex.swift */ = {isa = PBXFileReference; lastKnownFileType = sourcecode.swift; path = TabIndex.swift; sourceTree = "<group>"; };
		514949D62BCBD2A50052E30D /* Diory.app */ = {isa = PBXFileReference; explicitFileType = wrapper.application; includeInIndex = 0; path = Diory.app; sourceTree = BUILT_PRODUCTS_DIR; };
		514949D92BCBD2A50052E30D /* DioryApp.swift */ = {isa = PBXFileReference; lastKnownFileType = sourcecode.swift; path = DioryApp.swift; sourceTree = "<group>"; };
		514949DD2BCBD2A70052E30D /* Assets.xcassets */ = {isa = PBXFileReference; lastKnownFileType = folder.assetcatalog; path = Assets.xcassets; sourceTree = "<group>"; };
		514949E02BCBD2A70052E30D /* Preview Assets.xcassets */ = {isa = PBXFileReference; lastKnownFileType = folder.assetcatalog; path = "Preview Assets.xcassets"; sourceTree = "<group>"; };
		514949E72BCBD32D0052E30D /* .gitignore */ = {isa = PBXFileReference; lastKnownFileType = text; path = .gitignore; sourceTree = "<group>"; };
		514949EA2BCBD6BB0052E30D /* .swiftlint.yml */ = {isa = PBXFileReference; lastKnownFileType = text.yaml; path = .swiftlint.yml; sourceTree = "<group>"; };
		51AC10322BCE581800FFFE4E /* DailyScheduleView.swift */ = {isa = PBXFileReference; lastKnownFileType = sourcecode.swift; path = DailyScheduleView.swift; sourceTree = "<group>"; };
		51AC10362BCE586A00FFFE4E /* ColorExtension.swift */ = {isa = PBXFileReference; lastKnownFileType = sourcecode.swift; path = ColorExtension.swift; sourceTree = "<group>"; };
		51AC10382BCE589200FFFE4E /* StringToDate.swift */ = {isa = PBXFileReference; lastKnownFileType = sourcecode.swift; path = StringToDate.swift; sourceTree = "<group>"; };
		51AC103A2BCE58F900FFFE4E /* DailyScheduleRow.swift */ = {isa = PBXFileReference; lastKnownFileType = sourcecode.swift; path = DailyScheduleRow.swift; sourceTree = "<group>"; };
		51AC103C2BCE5C2300FFFE4E /* AddScheduleView.swift */ = {isa = PBXFileReference; lastKnownFileType = sourcecode.swift; path = AddScheduleView.swift; sourceTree = "<group>"; };
		51AC103E2BCFB21100FFFE4E /* WeeklyRow.swift */ = {isa = PBXFileReference; lastKnownFileType = sourcecode.swift; path = WeeklyRow.swift; sourceTree = "<group>"; };
		51C17D9F2BD0FCB400690267 /* DioryTabView.swift */ = {isa = PBXFileReference; lastKnownFileType = sourcecode.swift; path = DioryTabView.swift; sourceTree = "<group>"; };
		51D55CEE2BCBECA40099C96F /* WeeklyView.swift */ = {isa = PBXFileReference; lastKnownFileType = sourcecode.swift; path = WeeklyView.swift; sourceTree = "<group>"; };
		51D55CF02BCBF1A10099C96F /* DailyView.swift */ = {isa = PBXFileReference; lastKnownFileType = sourcecode.swift; path = DailyView.swift; sourceTree = "<group>"; };
		51D55CF62BCD49DA0099C96F /* DailyTask.swift */ = {isa = PBXFileReference; lastKnownFileType = sourcecode.swift; path = DailyTask.swift; sourceTree = "<group>"; };
		51E371642BCD6E1600BBB723 /* DailyTodoView.swift */ = {isa = PBXFileReference; lastKnownFileType = sourcecode.swift; path = DailyTodoView.swift; sourceTree = "<group>"; };
		51E371662BCD731E00BBB723 /* AddTodoView.swift */ = {isa = PBXFileReference; lastKnownFileType = sourcecode.swift; path = AddTodoView.swift; sourceTree = "<group>"; };
/* End PBXFileReference section */

/* Begin PBXFrameworksBuildPhase section */
		514949D32BCBD2A50052E30D /* Frameworks */ = {
			isa = PBXFrameworksBuildPhase;
			buildActionMask = 2147483647;
			files = (
			);
			runOnlyForDeploymentPostprocessing = 0;
		};
/* End PBXFrameworksBuildPhase section */

/* Begin PBXGroup section */
		511F3F1E2D15B30E000B5E32 /* Main */ = {
			isa = PBXGroup;
			children = (
				511F3F1F2D15B32F000B5E32 /* DioryMainView.swift */,
				511F3F212D15B34C000B5E32 /* TabIndex.swift */,
			);
			path = Main;
			sourceTree = "<group>";
		};
		514949CD2BCBD2A50052E30D = {
			isa = PBXGroup;
			children = (
				514949D82BCBD2A50052E30D /* Diory */,
				514949EA2BCBD6BB0052E30D /* .swiftlint.yml */,
				514949E72BCBD32D0052E30D /* .gitignore */,
				514949D72BCBD2A50052E30D /* Products */,
			);
			sourceTree = "<group>";
		};
		514949D72BCBD2A50052E30D /* Products */ = {
			isa = PBXGroup;
			children = (
				514949D62BCBD2A50052E30D /* Diory.app */,
			);
			name = Products;
			sourceTree = "<group>";
		};
		514949D82BCBD2A50052E30D /* Diory */ = {
			isa = PBXGroup;
			children = (
				51E371632BCD6E0100BBB723 /* Model */,
				51E3715F2BCD6DD500BBB723 /* View */,
				51AC10352BCE585800FFFE4E /* Extension */,
				51C17D9F2BD0FCB400690267 /* DioryTabView.swift */,
				514949D92BCBD2A50052E30D /* DioryApp.swift */,
				511F0CDA2BDB2DEF00EC2AD7 /* TestView.swift */,
				514949DD2BCBD2A70052E30D /* Assets.xcassets */,
				514949DF2BCBD2A70052E30D /* Preview Content */,
			);
			path = Diory;
			sourceTree = "<group>";
		};
		514949DF2BCBD2A70052E30D /* Preview Content */ = {
			isa = PBXGroup;
			children = (
				514949E02BCBD2A70052E30D /* Preview Assets.xcassets */,
			);
			path = "Preview Content";
			sourceTree = "<group>";
		};
		51AC10342BCE584100FFFE4E /* Main */ = {
			isa = PBXGroup;
			children = (
				51D55CF02BCBF1A10099C96F /* DailyView.swift */,
			);
			path = Main;
			sourceTree = "<group>";
		};
		51AC10352BCE585800FFFE4E /* Extension */ = {
			isa = PBXGroup;
			children = (
				51AC10362BCE586A00FFFE4E /* ColorExtension.swift */,
				51AC10382BCE589200FFFE4E /* StringToDate.swift */,
			);
			path = Extension;
			sourceTree = "<group>";
		};
		51E3715F2BCD6DD500BBB723 /* View */ = {
			isa = PBXGroup;
			children = (
				511F3F1E2D15B30E000B5E32 /* Main */,
				51E371622BCD6DF900BBB723 /* Weekly */,
				51E371602BCD6DDC00BBB723 /* Daily */,
			);
			path = View;
			sourceTree = "<group>";
		};
		51E371602BCD6DDC00BBB723 /* Daily */ = {
			isa = PBXGroup;
			children = (
				51AC10342BCE584100FFFE4E /* Main */,
				51E371682BCE4B9400BBB723 /* Schedule */,
				51E371612BCD6DE200BBB723 /* Todo */,
			);
			path = Daily;
			sourceTree = "<group>";
		};
		51E371612BCD6DE200BBB723 /* Todo */ = {
			isa = PBXGroup;
			children = (
				51E371642BCD6E1600BBB723 /* DailyTodoView.swift */,
				51E371662BCD731E00BBB723 /* AddTodoView.swift */,
			);
			path = Todo;
			sourceTree = "<group>";
		};
		51E371622BCD6DF900BBB723 /* Weekly */ = {
			isa = PBXGroup;
			children = (
				51D55CEE2BCBECA40099C96F /* WeeklyView.swift */,
				51AC103E2BCFB21100FFFE4E /* WeeklyRow.swift */,
			);
			path = Weekly;
			sourceTree = "<group>";
		};
		51E371632BCD6E0100BBB723 /* Model */ = {
			isa = PBXGroup;
			children = (
				51D55CF62BCD49DA0099C96F /* DailyTask.swift */,
			);
			path = Model;
			sourceTree = "<group>";
		};
		51E371682BCE4B9400BBB723 /* Schedule */ = {
			isa = PBXGroup;
			children = (
				51AC10322BCE581800FFFE4E /* DailyScheduleView.swift */,
				51AC103A2BCE58F900FFFE4E /* DailyScheduleRow.swift */,
				51AC103C2BCE5C2300FFFE4E /* AddScheduleView.swift */,
			);
			path = Schedule;
			sourceTree = "<group>";
		};
/* End PBXGroup section */

/* Begin PBXNativeTarget section */
		514949D52BCBD2A50052E30D /* Diory */ = {
			isa = PBXNativeTarget;
			buildConfigurationList = 514949E42BCBD2A70052E30D /* Build configuration list for PBXNativeTarget "Diory" */;
			buildPhases = (
				514949E92BCBD65E0052E30D /* SwiftLint Script */,
				514949D22BCBD2A50052E30D /* Sources */,
				514949D32BCBD2A50052E30D /* Frameworks */,
				514949D42BCBD2A50052E30D /* Resources */,
			);
			buildRules = (
			);
			dependencies = (
			);
			name = Diory;
			productName = Diory;
			productReference = 514949D62BCBD2A50052E30D /* Diory.app */;
			productType = "com.apple.product-type.application";
		};
/* End PBXNativeTarget section */

/* Begin PBXProject section */
		514949CE2BCBD2A50052E30D /* Project object */ = {
			isa = PBXProject;
			attributes = {
				BuildIndependentTargetsInParallel = 1;
				LastSwiftUpdateCheck = 1520;
				LastUpgradeCheck = 1520;
				TargetAttributes = {
					514949D52BCBD2A50052E30D = {
						CreatedOnToolsVersion = 15.2;
					};
				};
			};
			buildConfigurationList = 514949D12BCBD2A50052E30D /* Build configuration list for PBXProject "Diory" */;
			compatibilityVersion = "Xcode 14.0";
			developmentRegion = ko;
			hasScannedForEncodings = 0;
			knownRegions = (
				en,
				Base,
				ko,
			);
			mainGroup = 514949CD2BCBD2A50052E30D;
			productRefGroup = 514949D72BCBD2A50052E30D /* Products */;
			projectDirPath = "";
			projectRoot = "";
			targets = (
				514949D52BCBD2A50052E30D /* Diory */,
			);
		};
/* End PBXProject section */

/* Begin PBXResourcesBuildPhase section */
		514949D42BCBD2A50052E30D /* Resources */ = {
			isa = PBXResourcesBuildPhase;
			buildActionMask = 2147483647;
			files = (
				514949EB2BCBD6BB0052E30D /* .swiftlint.yml in Resources */,
				514949E12BCBD2A70052E30D /* Preview Assets.xcassets in Resources */,
				514949E82BCBD32D0052E30D /* .gitignore in Resources */,
				514949DE2BCBD2A70052E30D /* Assets.xcassets in Resources */,
			);
			runOnlyForDeploymentPostprocessing = 0;
		};
/* End PBXResourcesBuildPhase section */

/* Begin PBXShellScriptBuildPhase section */
		514949E92BCBD65E0052E30D /* SwiftLint Script */ = {
			isa = PBXShellScriptBuildPhase;
			alwaysOutOfDate = 1;
			buildActionMask = 2147483647;
			files = (
			);
			inputFileListPaths = (
			);
			inputPaths = (
			);
			name = "SwiftLint Script";
			outputFileListPaths = (
			);
			outputPaths = (
			);
			runOnlyForDeploymentPostprocessing = 0;
			shellPath = /bin/sh;
			shellScript = "if [[ \"$(uname -m)\" == arm64 ]]; then\n    export PATH=\"/opt/homebrew/bin:$PATH\"\nfi\n\nif which swiftlint > /dev/null; then\n  swiftlint\nelse\n  echo \"warning: SwiftLint not installed, download from https://github.com/realm/SwiftLint\"\nfi\n";
		};
/* End PBXShellScriptBuildPhase section */

/* Begin PBXSourcesBuildPhase section */
		514949D22BCBD2A50052E30D /* Sources */ = {
			isa = PBXSourcesBuildPhase;
			buildActionMask = 2147483647;
			files = (
				511F0CDB2BDB2DEF00EC2AD7 /* TestView.swift in Sources */,
				51D55CF72BCD49DA0099C96F /* DailyTask.swift in Sources */,
				51AC103F2BCFB21100FFFE4E /* WeeklyRow.swift in Sources */,
				51E371672BCD731E00BBB723 /* AddTodoView.swift in Sources */,
				51AC10372BCE586A00FFFE4E /* ColorExtension.swift in Sources */,
				51C17DA02BD0FCB400690267 /* DioryTabView.swift in Sources */,
				51D55CF12BCBF1A10099C96F /* DailyView.swift in Sources */,
				511F3F202D15B32F000B5E32 /* DioryMainView.swift in Sources */,
				511F3F222D15B34C000B5E32 /* TabIndex.swift in Sources */,
				51AC103D2BCE5C2300FFFE4E /* AddScheduleView.swift in Sources */,
				51AC10392BCE589200FFFE4E /* StringToDate.swift in Sources */,
				51AC103B2BCE58F900FFFE4E /* DailyScheduleRow.swift in Sources */,
				514949DA2BCBD2A50052E30D /* DioryApp.swift in Sources */,
				51AC10332BCE581800FFFE4E /* DailyScheduleView.swift in Sources */,
				51E371652BCD6E1600BBB723 /* DailyTodoView.swift in Sources */,
				51D55CEF2BCBECA40099C96F /* WeeklyView.swift in Sources */,
			);
			runOnlyForDeploymentPostprocessing = 0;
		};
/* End PBXSourcesBuildPhase section */

/* Begin XCBuildConfiguration section */
		514949E22BCBD2A70052E30D /* Debug */ = {
			isa = XCBuildConfiguration;
			buildSettings = {
				ALWAYS_SEARCH_USER_PATHS = NO;
				ASSETCATALOG_COMPILER_GENERATE_SWIFT_ASSET_SYMBOL_EXTENSIONS = YES;
				CLANG_ANALYZER_NONNULL = YES;
				CLANG_ANALYZER_NUMBER_OBJECT_CONVERSION = YES_AGGRESSIVE;
				CLANG_CXX_LANGUAGE_STANDARD = "gnu++20";
				CLANG_ENABLE_MODULES = YES;
				CLANG_ENABLE_OBJC_ARC = YES;
				CLANG_ENABLE_OBJC_WEAK = YES;
				CLANG_WARN_BLOCK_CAPTURE_AUTORELEASING = YES;
				CLANG_WARN_BOOL_CONVERSION = YES;
				CLANG_WARN_COMMA = YES;
				CLANG_WARN_CONSTANT_CONVERSION = YES;
				CLANG_WARN_DEPRECATED_OBJC_IMPLEMENTATIONS = YES;
				CLANG_WARN_DIRECT_OBJC_ISA_USAGE = YES_ERROR;
				CLANG_WARN_DOCUMENTATION_COMMENTS = YES;
				CLANG_WARN_EMPTY_BODY = YES;
				CLANG_WARN_ENUM_CONVERSION = YES;
				CLANG_WARN_INFINITE_RECURSION = YES;
				CLANG_WARN_INT_CONVERSION = YES;
				CLANG_WARN_NON_LITERAL_NULL_CONVERSION = YES;
				CLANG_WARN_OBJC_IMPLICIT_RETAIN_SELF = YES;
				CLANG_WARN_OBJC_LITERAL_CONVERSION = YES;
				CLANG_WARN_OBJC_ROOT_CLASS = YES_ERROR;
				CLANG_WARN_QUOTED_INCLUDE_IN_FRAMEWORK_HEADER = YES;
				CLANG_WARN_RANGE_LOOP_ANALYSIS = YES;
				CLANG_WARN_STRICT_PROTOTYPES = YES;
				CLANG_WARN_SUSPICIOUS_MOVE = YES;
				CLANG_WARN_UNGUARDED_AVAILABILITY = YES_AGGRESSIVE;
				CLANG_WARN_UNREACHABLE_CODE = YES;
				CLANG_WARN__DUPLICATE_METHOD_MATCH = YES;
				COPY_PHASE_STRIP = NO;
				DEBUG_INFORMATION_FORMAT = dwarf;
				ENABLE_STRICT_OBJC_MSGSEND = YES;
				ENABLE_TESTABILITY = YES;
				ENABLE_USER_SCRIPT_SANDBOXING = NO;
				GCC_C_LANGUAGE_STANDARD = gnu17;
				GCC_DYNAMIC_NO_PIC = NO;
				GCC_NO_COMMON_BLOCKS = YES;
				GCC_OPTIMIZATION_LEVEL = 0;
				GCC_PREPROCESSOR_DEFINITIONS = (
					"DEBUG=1",
					"$(inherited)",
				);
				GCC_WARN_64_TO_32_BIT_CONVERSION = YES;
				GCC_WARN_ABOUT_RETURN_TYPE = YES_ERROR;
				GCC_WARN_UNDECLARED_SELECTOR = YES;
				GCC_WARN_UNINITIALIZED_AUTOS = YES_AGGRESSIVE;
				GCC_WARN_UNUSED_FUNCTION = YES;
				GCC_WARN_UNUSED_VARIABLE = YES;
				IPHONEOS_DEPLOYMENT_TARGET = 17.2;
				LOCALIZATION_PREFERS_STRING_CATALOGS = YES;
				MTL_ENABLE_DEBUG_INFO = INCLUDE_SOURCE;
				MTL_FAST_MATH = YES;
				ONLY_ACTIVE_ARCH = YES;
				SDKROOT = iphoneos;
				SWIFT_ACTIVE_COMPILATION_CONDITIONS = "DEBUG $(inherited)";
				SWIFT_OPTIMIZATION_LEVEL = "-Onone";
			};
			name = Debug;
		};
		514949E32BCBD2A70052E30D /* Release */ = {
			isa = XCBuildConfiguration;
			buildSettings = {
				ALWAYS_SEARCH_USER_PATHS = NO;
				ASSETCATALOG_COMPILER_GENERATE_SWIFT_ASSET_SYMBOL_EXTENSIONS = YES;
				CLANG_ANALYZER_NONNULL = YES;
				CLANG_ANALYZER_NUMBER_OBJECT_CONVERSION = YES_AGGRESSIVE;
				CLANG_CXX_LANGUAGE_STANDARD = "gnu++20";
				CLANG_ENABLE_MODULES = YES;
				CLANG_ENABLE_OBJC_ARC = YES;
				CLANG_ENABLE_OBJC_WEAK = YES;
				CLANG_WARN_BLOCK_CAPTURE_AUTORELEASING = YES;
				CLANG_WARN_BOOL_CONVERSION = YES;
				CLANG_WARN_COMMA = YES;
				CLANG_WARN_CONSTANT_CONVERSION = YES;
				CLANG_WARN_DEPRECATED_OBJC_IMPLEMENTATIONS = YES;
				CLANG_WARN_DIRECT_OBJC_ISA_USAGE = YES_ERROR;
				CLANG_WARN_DOCUMENTATION_COMMENTS = YES;
				CLANG_WARN_EMPTY_BODY = YES;
				CLANG_WARN_ENUM_CONVERSION = YES;
				CLANG_WARN_INFINITE_RECURSION = YES;
				CLANG_WARN_INT_CONVERSION = YES;
				CLANG_WARN_NON_LITERAL_NULL_CONVERSION = YES;
				CLANG_WARN_OBJC_IMPLICIT_RETAIN_SELF = YES;
				CLANG_WARN_OBJC_LITERAL_CONVERSION = YES;
				CLANG_WARN_OBJC_ROOT_CLASS = YES_ERROR;
				CLANG_WARN_QUOTED_INCLUDE_IN_FRAMEWORK_HEADER = YES;
				CLANG_WARN_RANGE_LOOP_ANALYSIS = YES;
				CLANG_WARN_STRICT_PROTOTYPES = YES;
				CLANG_WARN_SUSPICIOUS_MOVE = YES;
				CLANG_WARN_UNGUARDED_AVAILABILITY = YES_AGGRESSIVE;
				CLANG_WARN_UNREACHABLE_CODE = YES;
				CLANG_WARN__DUPLICATE_METHOD_MATCH = YES;
				COPY_PHASE_STRIP = NO;
				DEBUG_INFORMATION_FORMAT = "dwarf-with-dsym";
				ENABLE_NS_ASSERTIONS = NO;
				ENABLE_STRICT_OBJC_MSGSEND = YES;
				ENABLE_USER_SCRIPT_SANDBOXING = NO;
				GCC_C_LANGUAGE_STANDARD = gnu17;
				GCC_NO_COMMON_BLOCKS = YES;
				GCC_WARN_64_TO_32_BIT_CONVERSION = YES;
				GCC_WARN_ABOUT_RETURN_TYPE = YES_ERROR;
				GCC_WARN_UNDECLARED_SELECTOR = YES;
				GCC_WARN_UNINITIALIZED_AUTOS = YES_AGGRESSIVE;
				GCC_WARN_UNUSED_FUNCTION = YES;
				GCC_WARN_UNUSED_VARIABLE = YES;
				IPHONEOS_DEPLOYMENT_TARGET = 17.2;
				LOCALIZATION_PREFERS_STRING_CATALOGS = YES;
				MTL_ENABLE_DEBUG_INFO = NO;
				MTL_FAST_MATH = YES;
				SDKROOT = iphoneos;
				SWIFT_COMPILATION_MODE = wholemodule;
				VALIDATE_PRODUCT = YES;
			};
			name = Release;
		};
		514949E52BCBD2A70052E30D /* Debug */ = {
			isa = XCBuildConfiguration;
			buildSettings = {
				ASSETCATALOG_COMPILER_APPICON_NAME = AppIcon;
				ASSETCATALOG_COMPILER_GLOBAL_ACCENT_COLOR_NAME = AccentColor;
				CODE_SIGN_STYLE = Automatic;
				CURRENT_PROJECT_VERSION = 1;
				DEVELOPMENT_ASSET_PATHS = "\"Diory/Preview Content\"";
				DEVELOPMENT_TEAM = 99KH3TLG9V;
				ENABLE_PREVIEWS = YES;
				GENERATE_INFOPLIST_FILE = YES;
				INFOPLIST_KEY_UIApplicationSceneManifest_Generation = YES;
				INFOPLIST_KEY_UIApplicationSupportsIndirectInputEvents = YES;
				INFOPLIST_KEY_UILaunchScreen_Generation = YES;
				INFOPLIST_KEY_UISupportedInterfaceOrientations_iPad = "UIInterfaceOrientationPortrait UIInterfaceOrientationPortraitUpsideDown UIInterfaceOrientationLandscapeLeft UIInterfaceOrientationLandscapeRight";
				INFOPLIST_KEY_UISupportedInterfaceOrientations_iPhone = "UIInterfaceOrientationPortrait UIInterfaceOrientationLandscapeLeft UIInterfaceOrientationLandscapeRight";
				LD_RUNPATH_SEARCH_PATHS = (
					"$(inherited)",
					"@executable_path/Frameworks",
				);
				MARKETING_VERSION = 1.0.0;
				PRODUCT_BUNDLE_IDENTIFIER = com.Lee.Diory;
				PRODUCT_NAME = "$(TARGET_NAME)";
				SWIFT_EMIT_LOC_STRINGS = YES;
				SWIFT_VERSION = 5.0;
				TARGETED_DEVICE_FAMILY = "1,2";
			};
			name = Debug;
		};
		514949E62BCBD2A70052E30D /* Release */ = {
			isa = XCBuildConfiguration;
			buildSettings = {
				ASSETCATALOG_COMPILER_APPICON_NAME = AppIcon;
				ASSETCATALOG_COMPILER_GLOBAL_ACCENT_COLOR_NAME = AccentColor;
				CODE_SIGN_STYLE = Automatic;
				CURRENT_PROJECT_VERSION = 1;
				DEVELOPMENT_ASSET_PATHS = "\"Diory/Preview Content\"";
				DEVELOPMENT_TEAM = 99KH3TLG9V;
				ENABLE_PREVIEWS = YES;
				GENERATE_INFOPLIST_FILE = YES;
				INFOPLIST_KEY_UIApplicationSceneManifest_Generation = YES;
				INFOPLIST_KEY_UIApplicationSupportsIndirectInputEvents = YES;
				INFOPLIST_KEY_UILaunchScreen_Generation = YES;
				INFOPLIST_KEY_UISupportedInterfaceOrientations_iPad = "UIInterfaceOrientationPortrait UIInterfaceOrientationPortraitUpsideDown UIInterfaceOrientationLandscapeLeft UIInterfaceOrientationLandscapeRight";
				INFOPLIST_KEY_UISupportedInterfaceOrientations_iPhone = "UIInterfaceOrientationPortrait UIInterfaceOrientationLandscapeLeft UIInterfaceOrientationLandscapeRight";
				LD_RUNPATH_SEARCH_PATHS = (
					"$(inherited)",
					"@executable_path/Frameworks",
				);
				MARKETING_VERSION = 1.0.0;
				PRODUCT_BUNDLE_IDENTIFIER = com.Lee.Diory;
				PRODUCT_NAME = "$(TARGET_NAME)";
				SWIFT_EMIT_LOC_STRINGS = YES;
				SWIFT_VERSION = 5.0;
				TARGETED_DEVICE_FAMILY = "1,2";
			};
			name = Release;
		};
/* End XCBuildConfiguration section */

/* Begin XCConfigurationList section */
		514949D12BCBD2A50052E30D /* Build configuration list for PBXProject "Diory" */ = {
			isa = XCConfigurationList;
			buildConfigurations = (
				514949E22BCBD2A70052E30D /* Debug */,
				514949E32BCBD2A70052E30D /* Release */,
			);
			defaultConfigurationIsVisible = 0;
			defaultConfigurationName = Release;
		};
		514949E42BCBD2A70052E30D /* Build configuration list for PBXNativeTarget "Diory" */ = {
			isa = XCConfigurationList;
			buildConfigurations = (
				514949E52BCBD2A70052E30D /* Debug */,
				514949E62BCBD2A70052E30D /* Release */,
			);
			defaultConfigurationIsVisible = 0;
			defaultConfigurationName = Release;
		};
/* End XCConfigurationList section */
	};
	rootObject = 514949CE2BCBD2A50052E30D /* Project object */;
}
